// !$*UTF8*$!
{
	archiveVersion = 1;
	classes = {
	};
	objectVersion = 56;
	objects = {

/* Begin PBXBuildFile section */
		BB3571FC2C34570F00D5E667 /* LibreBarcode39Text.ttf in Resources */ = {isa = PBXBuildFile; fileRef = BB3571FB2C34570F00D5E667 /* LibreBarcode39Text.ttf */; };
		BB3572012C359B4700D5E667 /* AttributeView.swift in Sources */ = {isa = PBXBuildFile; fileRef = BB3572002C359B4700D5E667 /* AttributeView.swift */; };
		BB3572032C359BD000D5E667 /* AttributesView.swift in Sources */ = {isa = PBXBuildFile; fileRef = BB3572022C359BD000D5E667 /* AttributesView.swift */; };
		BB3572052C359FAE00D5E667 /* PenaltyView.swift in Sources */ = {isa = PBXBuildFile; fileRef = BB3572042C359FAE00D5E667 /* PenaltyView.swift */; };
		BB880B372C3301C10041FAB3 /* ConspumentaryGameApp.swift in Sources */ = {isa = PBXBuildFile; fileRef = BB880B362C3301C10041FAB3 /* ConspumentaryGameApp.swift */; };
		BB880B3B2C3301C20041FAB3 /* Assets.xcassets in Resources */ = {isa = PBXBuildFile; fileRef = BB880B3A2C3301C20041FAB3 /* Assets.xcassets */; };
		BB880B3E2C3301C20041FAB3 /* Preview Assets.xcassets in Resources */ = {isa = PBXBuildFile; fileRef = BB880B3D2C3301C20041FAB3 /* Preview Assets.xcassets */; };
		BB880B402C3301C20041FAB3 /* Persistence.swift in Sources */ = {isa = PBXBuildFile; fileRef = BB880B3F2C3301C20041FAB3 /* Persistence.swift */; };
		BB880B432C3301C20041FAB3 /* ConspumentaryGame.xcdatamodeld in Sources */ = {isa = PBXBuildFile; fileRef = BB880B412C3301C20041FAB3 /* ConspumentaryGame.xcdatamodeld */; };
		BB880B4B2C3302820041FAB3 /* Character.swift in Sources */ = {isa = PBXBuildFile; fileRef = BB880B4A2C3302820041FAB3 /* Character.swift */; };
		BB880B4D2C33044F0041FAB3 /* Info.swift in Sources */ = {isa = PBXBuildFile; fileRef = BB880B4C2C33044F0041FAB3 /* Info.swift */; };
		BB880B4F2C33045B0041FAB3 /* Attribute.swift in Sources */ = {isa = PBXBuildFile; fileRef = BB880B4E2C33045B0041FAB3 /* Attribute.swift */; };
		BB880B512C3306AF0041FAB3 /* MainView.swift in Sources */ = {isa = PBXBuildFile; fileRef = BB880B502C3306AF0041FAB3 /* MainView.swift */; };
		BB880B532C3306DB0041FAB3 /* PressCardView.swift in Sources */ = {isa = PBXBuildFile; fileRef = BB880B522C3306DB0041FAB3 /* PressCardView.swift */; };
/* End PBXBuildFile section */

/* Begin PBXFileReference section */
		BB3571FB2C34570F00D5E667 /* LibreBarcode39Text.ttf */ = {isa = PBXFileReference; lastKnownFileType = file; path = LibreBarcode39Text.ttf; sourceTree = "<group>"; };
		BB3572002C359B4700D5E667 /* AttributeView.swift */ = {isa = PBXFileReference; lastKnownFileType = sourcecode.swift; path = AttributeView.swift; sourceTree = "<group>"; };
		BB3572022C359BD000D5E667 /* AttributesView.swift */ = {isa = PBXFileReference; lastKnownFileType = sourcecode.swift; path = AttributesView.swift; sourceTree = "<group>"; };
		BB3572042C359FAE00D5E667 /* PenaltyView.swift */ = {isa = PBXFileReference; lastKnownFileType = sourcecode.swift; path = PenaltyView.swift; sourceTree = "<group>"; };
		BB880B332C3301C10041FAB3 /* ConspumentaryGame.app */ = {isa = PBXFileReference; explicitFileType = wrapper.application; includeInIndex = 0; path = ConspumentaryGame.app; sourceTree = BUILT_PRODUCTS_DIR; };
		BB880B362C3301C10041FAB3 /* ConspumentaryGameApp.swift */ = {isa = PBXFileReference; lastKnownFileType = sourcecode.swift; path = ConspumentaryGameApp.swift; sourceTree = "<group>"; };
		BB880B3A2C3301C20041FAB3 /* Assets.xcassets */ = {isa = PBXFileReference; lastKnownFileType = folder.assetcatalog; path = Assets.xcassets; sourceTree = "<group>"; };
		BB880B3D2C3301C20041FAB3 /* Preview Assets.xcassets */ = {isa = PBXFileReference; lastKnownFileType = folder.assetcatalog; path = "Preview Assets.xcassets"; sourceTree = "<group>"; };
		BB880B3F2C3301C20041FAB3 /* Persistence.swift */ = {isa = PBXFileReference; lastKnownFileType = sourcecode.swift; path = Persistence.swift; sourceTree = "<group>"; };
		BB880B422C3301C20041FAB3 /* ConspumentaryGame.xcdatamodel */ = {isa = PBXFileReference; lastKnownFileType = wrapper.xcdatamodel; path = ConspumentaryGame.xcdatamodel; sourceTree = "<group>"; };
		BB880B4A2C3302820041FAB3 /* Character.swift */ = {isa = PBXFileReference; lastKnownFileType = sourcecode.swift; path = Character.swift; sourceTree = "<group>"; };
		BB880B4C2C33044F0041FAB3 /* Info.swift */ = {isa = PBXFileReference; lastKnownFileType = sourcecode.swift; path = Info.swift; sourceTree = "<group>"; };
		BB880B4E2C33045B0041FAB3 /* Attribute.swift */ = {isa = PBXFileReference; lastKnownFileType = sourcecode.swift; path = Attribute.swift; sourceTree = "<group>"; };
		BB880B502C3306AF0041FAB3 /* MainView.swift */ = {isa = PBXFileReference; lastKnownFileType = sourcecode.swift; path = MainView.swift; sourceTree = "<group>"; };
		BB880B522C3306DB0041FAB3 /* PressCardView.swift */ = {isa = PBXFileReference; lastKnownFileType = sourcecode.swift; name = PressCardView.swift; path = ConspumentaryGame/PressCardView.swift; sourceTree = SOURCE_ROOT; };
		BB880B5B2C344A040041FAB3 /* Info.plist */ = {isa = PBXFileReference; lastKnownFileType = text.plist.xml; name = Info.plist; path = ConspumentaryGame/Info.plist; sourceTree = SOURCE_ROOT; };
/* End PBXFileReference section */

/* Begin PBXFrameworksBuildPhase section */
		BB880B302C3301C10041FAB3 /* Frameworks */ = {
			isa = PBXFrameworksBuildPhase;
			buildActionMask = 2147483647;
			files = (
			);
			runOnlyForDeploymentPostprocessing = 0;
		};
/* End PBXFrameworksBuildPhase section */

/* Begin PBXGroup section */
		BB880B2A2C3301C10041FAB3 = {
			isa = PBXGroup;
			children = (
				BB880B352C3301C10041FAB3 /* ConspumentaryGame */,
				BB880B342C3301C10041FAB3 /* Products */,
			);
			sourceTree = "<group>";
		};
		BB880B342C3301C10041FAB3 /* Products */ = {
			isa = PBXGroup;
			children = (
				BB880B332C3301C10041FAB3 /* ConspumentaryGame.app */,
			);
			name = Products;
			sourceTree = "<group>";
		};
		BB880B352C3301C10041FAB3 /* ConspumentaryGame */ = {
			isa = PBXGroup;
			children = (
				BB3572002C359B4700D5E667 /* AttributeView.swift */,
				BB880B5E2C3452BD0041FAB3 /* Fonts */,
				BB880B5B2C344A040041FAB3 /* Info.plist */,
				BB880B492C3302690041FAB3 /* Model */,
				BB880B362C3301C10041FAB3 /* ConspumentaryGameApp.swift */,
				BB880B3A2C3301C20041FAB3 /* Assets.xcassets */,
				BB880B3F2C3301C20041FAB3 /* Persistence.swift */,
				BB880B412C3301C20041FAB3 /* ConspumentaryGame.xcdatamodeld */,
				BB880B3C2C3301C20041FAB3 /* Preview Content */,
				BB880B502C3306AF0041FAB3 /* MainView.swift */,
				BB880B522C3306DB0041FAB3 /* PressCardView.swift */,
				BB3572022C359BD000D5E667 /* AttributesView.swift */,
				BB3572042C359FAE00D5E667 /* PenaltyView.swift */,
			);
			path = ConspumentaryGame;
			sourceTree = "<group>";
		};
		BB880B3C2C3301C20041FAB3 /* Preview Content */ = {
			isa = PBXGroup;
			children = (
				BB880B3D2C3301C20041FAB3 /* Preview Assets.xcassets */,
			);
			path = "Preview Content";
			sourceTree = "<group>";
		};
		BB880B492C3302690041FAB3 /* Model */ = {
			isa = PBXGroup;
			children = (
				BB880B4A2C3302820041FAB3 /* Character.swift */,
				BB880B4C2C33044F0041FAB3 /* Info.swift */,
				BB880B4E2C33045B0041FAB3 /* Attribute.swift */,
			);
			path = Model;
			sourceTree = "<group>";
		};
		BB880B5E2C3452BD0041FAB3 /* Fonts */ = {
			isa = PBXGroup;
			children = (
				BB3571FB2C34570F00D5E667 /* LibreBarcode39Text.ttf */,
			);
			path = Fonts;
			sourceTree = "<group>";
		};
/* End PBXGroup section */

/* Begin PBXNativeTarget section */
		BB880B322C3301C10041FAB3 /* ConspumentaryGame */ = {
			isa = PBXNativeTarget;
			buildConfigurationList = BB880B462C3301C20041FAB3 /* Build configuration list for PBXNativeTarget "ConspumentaryGame" */;
			buildPhases = (
				BB880B2F2C3301C10041FAB3 /* Sources */,
				BB880B302C3301C10041FAB3 /* Frameworks */,
				BB880B312C3301C10041FAB3 /* Resources */,
			);
			buildRules = (
			);
			dependencies = (
			);
			name = ConspumentaryGame;
			productName = ConspumentaryGame;
			productReference = BB880B332C3301C10041FAB3 /* ConspumentaryGame.app */;
			productType = "com.apple.product-type.application";
		};
/* End PBXNativeTarget section */

/* Begin PBXProject section */
		BB880B2B2C3301C10041FAB3 /* Project object */ = {
			isa = PBXProject;
			attributes = {
				BuildIndependentTargetsInParallel = 1;
				LastSwiftUpdateCheck = 1540;
				LastUpgradeCheck = 1540;
				TargetAttributes = {
					BB880B322C3301C10041FAB3 = {
						CreatedOnToolsVersion = 15.4;
					};
				};
			};
			buildConfigurationList = BB880B2E2C3301C10041FAB3 /* Build configuration list for PBXProject "ConspumentaryGame" */;
			compatibilityVersion = "Xcode 14.0";
			developmentRegion = en;
			hasScannedForEncodings = 0;
			knownRegions = (
				en,
				Base,
			);
			mainGroup = BB880B2A2C3301C10041FAB3;
			productRefGroup = BB880B342C3301C10041FAB3 /* Products */;
			projectDirPath = "";
			projectRoot = "";
			targets = (
				BB880B322C3301C10041FAB3 /* ConspumentaryGame */,
			);
		};
/* End PBXProject section */

/* Begin PBXResourcesBuildPhase section */
		BB880B312C3301C10041FAB3 /* Resources */ = {
			isa = PBXResourcesBuildPhase;
			buildActionMask = 2147483647;
			files = (
				BB3571FC2C34570F00D5E667 /* LibreBarcode39Text.ttf in Resources */,
				BB880B3E2C3301C20041FAB3 /* Preview Assets.xcassets in Resources */,
				BB880B3B2C3301C20041FAB3 /* Assets.xcassets in Resources */,
			);
			runOnlyForDeploymentPostprocessing = 0;
		};
/* End PBXResourcesBuildPhase section */

/* Begin PBXSourcesBuildPhase section */
		BB880B2F2C3301C10041FAB3 /* Sources */ = {
			isa = PBXSourcesBuildPhase;
			buildActionMask = 2147483647;
			files = (
				BB3572052C359FAE00D5E667 /* PenaltyView.swift in Sources */,
				BB880B532C3306DB0041FAB3 /* PressCardView.swift in Sources */,
				BB880B432C3301C20041FAB3 /* ConspumentaryGame.xcdatamodeld in Sources */,
				BB880B512C3306AF0041FAB3 /* MainView.swift in Sources */,
				BB880B402C3301C20041FAB3 /* Persistence.swift in Sources */,
				BB3572012C359B4700D5E667 /* AttributeView.swift in Sources */,
				BB880B4B2C3302820041FAB3 /* Character.swift in Sources */,
				BB880B4D2C33044F0041FAB3 /* Info.swift in Sources */,
				BB880B4F2C33045B0041FAB3 /* Attribute.swift in Sources */,
				BB880B372C3301C10041FAB3 /* ConspumentaryGameApp.swift in Sources */,
				BB3572032C359BD000D5E667 /* AttributesView.swift in Sources */,
			);
			runOnlyForDeploymentPostprocessing = 0;
		};
/* End PBXSourcesBuildPhase section */

/* Begin XCBuildConfiguration section */
		BB880B442C3301C20041FAB3 /* Debug */ = {
			isa = XCBuildConfiguration;
			buildSettings = {
				ALWAYS_SEARCH_USER_PATHS = NO;
				ASSETCATALOG_COMPILER_GENERATE_SWIFT_ASSET_SYMBOL_EXTENSIONS = YES;
				CLANG_ANALYZER_NONNULL = YES;
				CLANG_ANALYZER_NUMBER_OBJECT_CONVERSION = YES_AGGRESSIVE;
				CLANG_CXX_LANGUAGE_STANDARD = "gnu++20";
				CLANG_ENABLE_MODULES = YES;
				CLANG_ENABLE_OBJC_ARC = YES;
				CLANG_ENABLE_OBJC_WEAK = YES;
				CLANG_WARN_BLOCK_CAPTURE_AUTORELEASING = YES;
				CLANG_WARN_BOOL_CONVERSION = YES;
				CLANG_WARN_COMMA = YES;
				CLANG_WARN_CONSTANT_CONVERSION = YES;
				CLANG_WARN_DEPRECATED_OBJC_IMPLEMENTATIONS = YES;
				CLANG_WARN_DIRECT_OBJC_ISA_USAGE = YES_ERROR;
				CLANG_WARN_DOCUMENTATION_COMMENTS = YES;
				CLANG_WARN_EMPTY_BODY = YES;
				CLANG_WARN_ENUM_CONVERSION = YES;
				CLANG_WARN_INFINITE_RECURSION = YES;
				CLANG_WARN_INT_CONVERSION = YES;
				CLANG_WARN_NON_LITERAL_NULL_CONVERSION = YES;
				CLANG_WARN_OBJC_IMPLICIT_RETAIN_SELF = YES;
				CLANG_WARN_OBJC_LITERAL_CONVERSION = YES;
				CLANG_WARN_OBJC_ROOT_CLASS = YES_ERROR;
				CLANG_WARN_QUOTED_INCLUDE_IN_FRAMEWORK_HEADER = YES;
				CLANG_WARN_RANGE_LOOP_ANALYSIS = YES;
				CLANG_WARN_STRICT_PROTOTYPES = YES;
				CLANG_WARN_SUSPICIOUS_MOVE = YES;
				CLANG_WARN_UNGUARDED_AVAILABILITY = YES_AGGRESSIVE;
				CLANG_WARN_UNREACHABLE_CODE = YES;
				CLANG_WARN__DUPLICATE_METHOD_MATCH = YES;
				COPY_PHASE_STRIP = NO;
				DEBUG_INFORMATION_FORMAT = dwarf;
				ENABLE_STRICT_OBJC_MSGSEND = YES;
				ENABLE_TESTABILITY = YES;
				ENABLE_USER_SCRIPT_SANDBOXING = YES;
				GCC_C_LANGUAGE_STANDARD = gnu17;
				GCC_DYNAMIC_NO_PIC = NO;
				GCC_NO_COMMON_BLOCKS = YES;
				GCC_OPTIMIZATION_LEVEL = 0;
				GCC_PREPROCESSOR_DEFINITIONS = (
					"DEBUG=1",
					"$(inherited)",
				);
				GCC_WARN_64_TO_32_BIT_CONVERSION = YES;
				GCC_WARN_ABOUT_RETURN_TYPE = YES_ERROR;
				GCC_WARN_UNDECLARED_SELECTOR = YES;
				GCC_WARN_UNINITIALIZED_AUTOS = YES_AGGRESSIVE;
				GCC_WARN_UNUSED_FUNCTION = YES;
				GCC_WARN_UNUSED_VARIABLE = YES;
				IPHONEOS_DEPLOYMENT_TARGET = 17.5;
				LOCALIZATION_PREFERS_STRING_CATALOGS = YES;
				MTL_ENABLE_DEBUG_INFO = INCLUDE_SOURCE;
				MTL_FAST_MATH = YES;
				ONLY_ACTIVE_ARCH = YES;
				SDKROOT = iphoneos;
				SWIFT_ACTIVE_COMPILATION_CONDITIONS = "DEBUG $(inherited)";
				SWIFT_OPTIMIZATION_LEVEL = "-Onone";
			};
			name = Debug;
		};
		BB880B452C3301C20041FAB3 /* Release */ = {
			isa = XCBuildConfiguration;
			buildSettings = {
				ALWAYS_SEARCH_USER_PATHS = NO;
				ASSETCATALOG_COMPILER_GENERATE_SWIFT_ASSET_SYMBOL_EXTENSIONS = YES;
				CLANG_ANALYZER_NONNULL = YES;
				CLANG_ANALYZER_NUMBER_OBJECT_CONVERSION = YES_AGGRESSIVE;
				CLANG_CXX_LANGUAGE_STANDARD = "gnu++20";
				CLANG_ENABLE_MODULES = YES;
				CLANG_ENABLE_OBJC_ARC = YES;
				CLANG_ENABLE_OBJC_WEAK = YES;
				CLANG_WARN_BLOCK_CAPTURE_AUTORELEASING = YES;
				CLANG_WARN_BOOL_CONVERSION = YES;
				CLANG_WARN_COMMA = YES;
				CLANG_WARN_CONSTANT_CONVERSION = YES;
				CLANG_WARN_DEPRECATED_OBJC_IMPLEMENTATIONS = YES;
				CLANG_WARN_DIRECT_OBJC_ISA_USAGE = YES_ERROR;
				CLANG_WARN_DOCUMENTATION_COMMENTS = YES;
				CLANG_WARN_EMPTY_BODY = YES;
				CLANG_WARN_ENUM_CONVERSION = YES;
				CLANG_WARN_INFINITE_RECURSION = YES;
				CLANG_WARN_INT_CONVERSION = YES;
				CLANG_WARN_NON_LITERAL_NULL_CONVERSION = YES;
				CLANG_WARN_OBJC_IMPLICIT_RETAIN_SELF = YES;
				CLANG_WARN_OBJC_LITERAL_CONVERSION = YES;
				CLANG_WARN_OBJC_ROOT_CLASS = YES_ERROR;
				CLANG_WARN_QUOTED_INCLUDE_IN_FRAMEWORK_HEADER = YES;
				CLANG_WARN_RANGE_LOOP_ANALYSIS = YES;
				CLANG_WARN_STRICT_PROTOTYPES = YES;
				CLANG_WARN_SUSPICIOUS_MOVE = YES;
				CLANG_WARN_UNGUARDED_AVAILABILITY = YES_AGGRESSIVE;
				CLANG_WARN_UNREACHABLE_CODE = YES;
				CLANG_WARN__DUPLICATE_METHOD_MATCH = YES;
				COPY_PHASE_STRIP = NO;
				DEBUG_INFORMATION_FORMAT = "dwarf-with-dsym";
				ENABLE_NS_ASSERTIONS = NO;
				ENABLE_STRICT_OBJC_MSGSEND = YES;
				ENABLE_USER_SCRIPT_SANDBOXING = YES;
				GCC_C_LANGUAGE_STANDARD = gnu17;
				GCC_NO_COMMON_BLOCKS = YES;
				GCC_WARN_64_TO_32_BIT_CONVERSION = YES;
				GCC_WARN_ABOUT_RETURN_TYPE = YES_ERROR;
				GCC_WARN_UNDECLARED_SELECTOR = YES;
				GCC_WARN_UNINITIALIZED_AUTOS = YES_AGGRESSIVE;
				GCC_WARN_UNUSED_FUNCTION = YES;
				GCC_WARN_UNUSED_VARIABLE = YES;
				IPHONEOS_DEPLOYMENT_TARGET = 17.5;
				LOCALIZATION_PREFERS_STRING_CATALOGS = YES;
				MTL_ENABLE_DEBUG_INFO = NO;
				MTL_FAST_MATH = YES;
				SDKROOT = iphoneos;
				SWIFT_COMPILATION_MODE = wholemodule;
				VALIDATE_PRODUCT = YES;
			};
			name = Release;
		};
		BB880B472C3301C20041FAB3 /* Debug */ = {
			isa = XCBuildConfiguration;
			buildSettings = {
				ASSETCATALOG_COMPILER_APPICON_NAME = AppIcon;
				ASSETCATALOG_COMPILER_GLOBAL_ACCENT_COLOR_NAME = AccentColor;
				CODE_SIGN_STYLE = Automatic;
				CURRENT_PROJECT_VERSION = 1;
				DEVELOPMENT_ASSET_PATHS = "\"ConspumentaryGame/Preview Content\"";
				DEVELOPMENT_TEAM = PVZX3X2UQ5;
				ENABLE_PREVIEWS = YES;
				GENERATE_INFOPLIST_FILE = YES;
				INFOPLIST_FILE = ConspumentaryGame/Info.plist;
				INFOPLIST_KEY_LSApplicationCategoryType = "";
				INFOPLIST_KEY_UIApplicationSceneManifest_Generation = YES;
				INFOPLIST_KEY_UIApplicationSupportsIndirectInputEvents = YES;
				INFOPLIST_KEY_UILaunchScreen_Generation = YES;
				INFOPLIST_KEY_UISupportedInterfaceOrientations_iPad = "UIInterfaceOrientationPortrait UIInterfaceOrientationPortraitUpsideDown UIInterfaceOrientationLandscapeLeft UIInterfaceOrientationLandscapeRight";
				INFOPLIST_KEY_UISupportedInterfaceOrientations_iPhone = "UIInterfaceOrientationPortrait UIInterfaceOrientationLandscapeLeft UIInterfaceOrientationLandscapeRight";
				LD_RUNPATH_SEARCH_PATHS = (
					"$(inherited)",
					"@executable_path/Frameworks",
				);
				MARKETING_VERSION = 1.0;
				PRODUCT_BUNDLE_IDENTIFIER = juliShmi.ConspumentaryGame;
				PRODUCT_NAME = "$(TARGET_NAME)";
				SWIFT_EMIT_LOC_STRINGS = YES;
				SWIFT_VERSION = 5.0;
				TARGETED_DEVICE_FAMILY = "1,2";
			};
			name = Debug;
		};
		BB880B482C3301C20041FAB3 /* Release */ = {
			isa = XCBuildConfiguration;
			buildSettings = {
				ASSETCATALOG_COMPILER_APPICON_NAME = AppIcon;
				ASSETCATALOG_COMPILER_GLOBAL_ACCENT_COLOR_NAME = AccentColor;
				CODE_SIGN_STYLE = Automatic;
				CURRENT_PROJECT_VERSION = 1;
				DEVELOPMENT_ASSET_PATHS = "\"ConspumentaryGame/Preview Content\"";
				DEVELOPMENT_TEAM = PVZX3X2UQ5;
				ENABLE_PREVIEWS = YES;
				GENERATE_INFOPLIST_FILE = YES;
				INFOPLIST_FILE = ConspumentaryGame/Info.plist;
				INFOPLIST_KEY_LSApplicationCategoryType = "";
				INFOPLIST_KEY_UIApplicationSceneManifest_Generation = YES;
				INFOPLIST_KEY_UIApplicationSupportsIndirectInputEvents = YES;
				INFOPLIST_KEY_UILaunchScreen_Generation = YES;
				INFOPLIST_KEY_UISupportedInterfaceOrientations_iPad = "UIInterfaceOrientationPortrait UIInterfaceOrientationPortraitUpsideDown UIInterfaceOrientationLandscapeLeft UIInterfaceOrientationLandscapeRight";
				INFOPLIST_KEY_UISupportedInterfaceOrientations_iPhone = "UIInterfaceOrientationPortrait UIInterfaceOrientationLandscapeLeft UIInterfaceOrientationLandscapeRight";
				LD_RUNPATH_SEARCH_PATHS = (
					"$(inherited)",
					"@executable_path/Frameworks",
				);
				MARKETING_VERSION = 1.0;
				PRODUCT_BUNDLE_IDENTIFIER = juliShmi.ConspumentaryGame;
				PRODUCT_NAME = "$(TARGET_NAME)";
				SWIFT_EMIT_LOC_STRINGS = YES;
				SWIFT_VERSION = 5.0;
				TARGETED_DEVICE_FAMILY = "1,2";
			};
			name = Release;
		};
/* End XCBuildConfiguration section */

/* Begin XCConfigurationList section */
		BB880B2E2C3301C10041FAB3 /* Build configuration list for PBXProject "ConspumentaryGame" */ = {
			isa = XCConfigurationList;
			buildConfigurations = (
				BB880B442C3301C20041FAB3 /* Debug */,
				BB880B452C3301C20041FAB3 /* Release */,
			);
			defaultConfigurationIsVisible = 0;
			defaultConfigurationName = Release;
		};
		BB880B462C3301C20041FAB3 /* Build configuration list for PBXNativeTarget "ConspumentaryGame" */ = {
			isa = XCConfigurationList;
			buildConfigurations = (
				BB880B472C3301C20041FAB3 /* Debug */,
				BB880B482C3301C20041FAB3 /* Release */,
			);
			defaultConfigurationIsVisible = 0;
			defaultConfigurationName = Release;
		};
/* End XCConfigurationList section */

/* Begin XCVersionGroup section */
		BB880B412C3301C20041FAB3 /* ConspumentaryGame.xcdatamodeld */ = {
			isa = XCVersionGroup;
			children = (
				BB880B422C3301C20041FAB3 /* ConspumentaryGame.xcdatamodel */,
			);
			currentVersion = BB880B422C3301C20041FAB3 /* ConspumentaryGame.xcdatamodel */;
			path = ConspumentaryGame.xcdatamodeld;
			sourceTree = "<group>";
			versionGroupType = wrapper.xcdatamodel;
		};
/* End XCVersionGroup section */
	};
	rootObject = BB880B2B2C3301C10041FAB3 /* Project object */;
}
